
Microsoft Visual Studio Solution File, Format Version 12.00
# Visual Studio Version 16
VisualStudioVersion = 16.0.28803.452
MinimumVisualStudioVersion = 10.0.40219.1
Project("{2150E333-8FDC-42A3-9474-1A3956D46DE8}") = "Day1", "Day1", "{312DED34-7CB0-44E4-819C-E79BC06F1C30}"
EndProject
Project("{2150E333-8FDC-42A3-9474-1A3956D46DE8}") = "Day2", "Day2", "{525376E7-7868-4C6A-A835-450C3D06C2DC}"
EndProject
Project("{FAE04EC0-301F-11D3-BF4B-00C04F79EFBC}") = "1-CheckSumOfAll", "Day2\1-CheckSumOfAll\1-CheckSumOfAll.csproj", "{2A8D698D-7C28-4131-AD0F-08F405AA4272}"
EndProject
Project("{FAE04EC0-301F-11D3-BF4B-00C04F79EFBC}") = "1-Frequency", "Day1\1-Frequency\1-Frequency.csproj", "{E22A12BB-851D-4167-9633-808126157F62}"
EndProject
Project("{FAE04EC0-301F-11D3-BF4B-00C04F79EFBC}") = "2-SeenTwiceFrequency", "Day1\2-SeenTwiceFrequency\2-SeenTwiceFrequency.csproj", "{6AA27E7B-2759-4885-9830-02554B73D03B}"
EndProject
Project("{FAE04EC0-301F-11D3-BF4B-00C04F79EFBC}") = "2-TwoBoxNameWithOneDiffrectChar", "Day2\2-TwoBoxNameWithOneDiffrectChar\2-TwoBoxNameWithOneDiffrectChar.csproj", "{84872FB3-C3B6-497D-B475-5396AD8545A2}"
EndProject
Project("{2150E333-8FDC-42A3-9474-1A3956D46DE8}") = "Day3", "Day3", "{A7BADC2D-2EE3-424F-A628-F69CC777A00E}"
EndProject
Project("{FAE04EC0-301F-11D3-BF4B-00C04F79EFBC}") = "1-TwoOrMoreClaims", "Day3\1-TwoOrMoreClaims\1-TwoOrMoreClaims.csproj", "{1DDF3DF4-E10D-409F-B0F7-D944C3DB68A9}"
EndProject
Project("{FAE04EC0-301F-11D3-BF4B-00C04F79EFBC}") = "MyPoint", "Day3\Point\MyPoint.csproj", "{A950E3CC-CA24-4B26-8A08-1F288AA9A7F9}"
EndProject
Project("{FAE04EC0-301F-11D3-BF4B-00C04F79EFBC}") = "2-IDOfOneClaimThatDoesntOvelap", "Day3\2-IDOfOneClaimThatDoesntOvelap\2-IDOfOneClaimThatDoesntOvelap.csproj", "{792226BE-39B3-4A8D-8FEA-4BD7AA46747F}"
EndProject
Project("{2150E333-8FDC-42A3-9474-1A3956D46DE8}") = "Day4", "Day4", "{D1E748A6-2948-455F-A8F5-387669153CC2}"
EndProject
Project("{FAE04EC0-301F-11D3-BF4B-00C04F79EFBC}") = "1-MostSleepyGuardAndCommonMin", "Day4\1-MostSleepyGuardAndCommonMin\1-MostSleepyGuardAndCommonMin.csproj", "{DFAF30B6-2A92-459A-BBD1-198D354C9184}"
EndProject
Project("{FAE04EC0-301F-11D3-BF4B-00C04F79EFBC}") = "2-MostSleptMinute", "Day4\2-MostSleptMinute\2-MostSleptMinute.csproj", "{E0FBD555-8097-4477-B5E7-D43D87938426}"
EndProject
Project("{FAE04EC0-301F-11D3-BF4B-00C04F79EFBC}") = "MyGuardInfoRecord", "Day4\MyGuardInfoRecord\MyGuardInfoRecord.csproj", "{8E90F196-401B-41D6-8BEC-B2984A83E770}"
EndProject
Project("{FAE04EC0-301F-11D3-BF4B-00C04F79EFBC}") = "MyGuardSleepInfo", "Day4\MyGuardSleepInfo\MyGuardSleepInfo.csproj", "{13567891-9146-4281-ABBF-024D6C8ED1ED}"
EndProject
Global
	GlobalSection(SolutionConfigurationPlatforms) = preSolution
		Debug|Any CPU = Debug|Any CPU
		Debug|x64 = Debug|x64
		Release|Any CPU = Release|Any CPU
		Release|x64 = Release|x64
	EndGlobalSection
	GlobalSection(ProjectConfigurationPlatforms) = postSolution
		{2A8D698D-7C28-4131-AD0F-08F405AA4272}.Debug|Any CPU.ActiveCfg = Debug|Any CPU
		{2A8D698D-7C28-4131-AD0F-08F405AA4272}.Debug|Any CPU.Build.0 = Debug|Any CPU
		{2A8D698D-7C28-4131-AD0F-08F405AA4272}.Debug|x64.ActiveCfg = Debug|Any CPU
		{2A8D698D-7C28-4131-AD0F-08F405AA4272}.Release|Any CPU.ActiveCfg = Release|Any CPU
		{2A8D698D-7C28-4131-AD0F-08F405AA4272}.Release|Any CPU.Build.0 = Release|Any CPU
		{2A8D698D-7C28-4131-AD0F-08F405AA4272}.Release|x64.ActiveCfg = Release|Any CPU
		{E22A12BB-851D-4167-9633-808126157F62}.Debug|Any CPU.ActiveCfg = Debug|Any CPU
		{E22A12BB-851D-4167-9633-808126157F62}.Debug|Any CPU.Build.0 = Debug|Any CPU
		{E22A12BB-851D-4167-9633-808126157F62}.Debug|x64.ActiveCfg = Debug|Any CPU
		{E22A12BB-851D-4167-9633-808126157F62}.Release|Any CPU.ActiveCfg = Release|Any CPU
		{E22A12BB-851D-4167-9633-808126157F62}.Release|Any CPU.Build.0 = Release|Any CPU
		{E22A12BB-851D-4167-9633-808126157F62}.Release|x64.ActiveCfg = Release|Any CPU
		{6AA27E7B-2759-4885-9830-02554B73D03B}.Debug|Any CPU.ActiveCfg = Debug|Any CPU
		{6AA27E7B-2759-4885-9830-02554B73D03B}.Debug|Any CPU.Build.0 = Debug|Any CPU
		{6AA27E7B-2759-4885-9830-02554B73D03B}.Debug|x64.ActiveCfg = Debug|Any CPU
		{6AA27E7B-2759-4885-9830-02554B73D03B}.Release|Any CPU.ActiveCfg = Release|Any CPU
		{6AA27E7B-2759-4885-9830-02554B73D03B}.Release|Any CPU.Build.0 = Release|Any CPU
		{6AA27E7B-2759-4885-9830-02554B73D03B}.Release|x64.ActiveCfg = Release|Any CPU
		{84872FB3-C3B6-497D-B475-5396AD8545A2}.Debug|Any CPU.ActiveCfg = Debug|Any CPU
		{84872FB3-C3B6-497D-B475-5396AD8545A2}.Debug|Any CPU.Build.0 = Debug|Any CPU
		{84872FB3-C3B6-497D-B475-5396AD8545A2}.Debug|x64.ActiveCfg = Debug|Any CPU
		{84872FB3-C3B6-497D-B475-5396AD8545A2}.Release|Any CPU.ActiveCfg = Release|Any CPU
		{84872FB3-C3B6-497D-B475-5396AD8545A2}.Release|Any CPU.Build.0 = Release|Any CPU
		{84872FB3-C3B6-497D-B475-5396AD8545A2}.Release|x64.ActiveCfg = Release|Any CPU
		{1DDF3DF4-E10D-409F-B0F7-D944C3DB68A9}.Debug|Any CPU.ActiveCfg = Debug|Any CPU
		{1DDF3DF4-E10D-409F-B0F7-D944C3DB68A9}.Debug|Any CPU.Build.0 = Debug|Any CPU
		{1DDF3DF4-E10D-409F-B0F7-D944C3DB68A9}.Debug|x64.ActiveCfg = Debug|x64
		{1DDF3DF4-E10D-409F-B0F7-D944C3DB68A9}.Debug|x64.Build.0 = Debug|x64
		{1DDF3DF4-E10D-409F-B0F7-D944C3DB68A9}.Release|Any CPU.ActiveCfg = Release|Any CPU
		{1DDF3DF4-E10D-409F-B0F7-D944C3DB68A9}.Release|Any CPU.Build.0 = Release|Any CPU
		{1DDF3DF4-E10D-409F-B0F7-D944C3DB68A9}.Release|x64.ActiveCfg = Release|x64
		{1DDF3DF4-E10D-409F-B0F7-D944C3DB68A9}.Release|x64.Build.0 = Release|x64
		{A950E3CC-CA24-4B26-8A08-1F288AA9A7F9}.Debug|Any CPU.ActiveCfg = Debug|Any CPU
		{A950E3CC-CA24-4B26-8A08-1F288AA9A7F9}.Debug|Any CPU.Build.0 = Debug|Any CPU
		{A950E3CC-CA24-4B26-8A08-1F288AA9A7F9}.Debug|x64.ActiveCfg = Debug|x64
		{A950E3CC-CA24-4B26-8A08-1F288AA9A7F9}.Debug|x64.Build.0 = Debug|x64
		{A950E3CC-CA24-4B26-8A08-1F288AA9A7F9}.Release|Any CPU.ActiveCfg = Release|Any CPU
		{A950E3CC-CA24-4B26-8A08-1F288AA9A7F9}.Release|Any CPU.Build.0 = Release|Any CPU
		{A950E3CC-CA24-4B26-8A08-1F288AA9A7F9}.Release|x64.ActiveCfg = Release|x64
		{A950E3CC-CA24-4B26-8A08-1F288AA9A7F9}.Release|x64.Build.0 = Release|x64
		{792226BE-39B3-4A8D-8FEA-4BD7AA46747F}.Debug|Any CPU.ActiveCfg = Debug|Any CPU
		{792226BE-39B3-4A8D-8FEA-4BD7AA46747F}.Debug|Any CPU.Build.0 = Debug|Any CPU
		{792226BE-39B3-4A8D-8FEA-4BD7AA46747F}.Debug|x64.ActiveCfg = Debug|Any CPU
		{792226BE-39B3-4A8D-8FEA-4BD7AA46747F}.Debug|x64.Build.0 = Debug|Any CPU
		{792226BE-39B3-4A8D-8FEA-4BD7AA46747F}.Release|Any CPU.ActiveCfg = Release|Any CPU
		{792226BE-39B3-4A8D-8FEA-4BD7AA46747F}.Release|Any CPU.Build.0 = Release|Any CPU
		{792226BE-39B3-4A8D-8FEA-4BD7AA46747F}.Release|x64.ActiveCfg = Release|Any CPU
		{792226BE-39B3-4A8D-8FEA-4BD7AA46747F}.Release|x64.Build.0 = Release|Any CPU
		{DFAF30B6-2A92-459A-BBD1-198D354C9184}.Debug|Any CPU.ActiveCfg = Debug|Any CPU
		{DFAF30B6-2A92-459A-BBD1-198D354C9184}.Debug|Any CPU.Build.0 = Debug|Any CPU
		{DFAF30B6-2A92-459A-BBD1-198D354C9184}.Debug|x64.ActiveCfg = Debug|Any CPU
		{DFAF30B6-2A92-459A-BBD1-198D354C9184}.Debug|x64.Build.0 = Debug|Any CPU
		{DFAF30B6-2A92-459A-BBD1-198D354C9184}.Release|Any CPU.ActiveCfg = Release|Any CPU
		{DFAF30B6-2A92-459A-BBD1-198D354C9184}.Release|Any CPU.Build.0 = Release|Any CPU
		{DFAF30B6-2A92-459A-BBD1-198D354C9184}.Release|x64.ActiveCfg = Release|Any CPU
		{DFAF30B6-2A92-459A-BBD1-198D354C9184}.Release|x64.Build.0 = Release|Any CPU
		{E0FBD555-8097-4477-B5E7-D43D87938426}.Debug|Any CPU.ActiveCfg = Debug|Any CPU
		{E0FBD555-8097-4477-B5E7-D43D87938426}.Debug|Any CPU.Build.0 = Debug|Any CPU
		{E0FBD555-8097-4477-B5E7-D43D87938426}.Debug|x64.ActiveCfg = Debug|Any CPU
		{E0FBD555-8097-4477-B5E7-D43D87938426}.Debug|x64.Build.0 = Debug|Any CPU
		{E0FBD555-8097-4477-B5E7-D43D87938426}.Release|Any CPU.ActiveCfg = Release|Any CPU
		{E0FBD555-8097-4477-B5E7-D43D87938426}.Release|Any CPU.Build.0 = Release|Any CPU
		{E0FBD555-8097-4477-B5E7-D43D87938426}.Release|x64.ActiveCfg = Release|Any CPU
		{E0FBD555-8097-4477-B5E7-D43D87938426}.Release|x64.Build.0 = Release|Any CPU
		{8E90F196-401B-41D6-8BEC-B2984A83E770}.Debug|Any CPU.ActiveCfg = Debug|Any CPU
		{8E90F196-401B-41D6-8BEC-B2984A83E770}.Debug|Any CPU.Build.0 = Debug|Any CPU
		{8E90F196-401B-41D6-8BEC-B2984A83E770}.Debug|x64.ActiveCfg = Debug|Any CPU
		{8E90F196-401B-41D6-8BEC-B2984A83E770}.Debug|x64.Build.0 = Debug|Any CPU
		{8E90F196-401B-41D6-8BEC-B2984A83E770}.Release|Any CPU.ActiveCfg = Release|Any CPU
		{8E90F196-401B-41D6-8BEC-B2984A83E770}.Release|Any CPU.Build.0 = Release|Any CPU
		{8E90F196-401B-41D6-8BEC-B2984A83E770}.Release|x64.ActiveCfg = Release|Any CPU
		{8E90F196-401B-41D6-8BEC-B2984A83E770}.Release|x64.Build.0 = Release|Any CPU
		{13567891-9146-4281-ABBF-024D6C8ED1ED}.Debug|Any CPU.ActiveCfg = Debug|Any CPU
		{13567891-9146-4281-ABBF-024D6C8ED1ED}.Debug|Any CPU.Build.0 = Debug|Any CPU
		{13567891-9146-4281-ABBF-024D6C8ED1ED}.Debug|x64.ActiveCfg = Debug|Any CPU
		{13567891-9146-4281-ABBF-024D6C8ED1ED}.Debug|x64.Build.0 = Debug|Any CPU
		{13567891-9146-4281-ABBF-024D6C8ED1ED}.Release|Any CPU.ActiveCfg = Release|Any CPU
		{13567891-9146-4281-ABBF-024D6C8ED1ED}.Release|Any CPU.Build.0 = Release|Any CPU
		{13567891-9146-4281-ABBF-024D6C8ED1ED}.Release|x64.ActiveCfg = Release|Any CPU
		{13567891-9146-4281-ABBF-024D6C8ED1ED}.Release|x64.Build.0 = Release|Any CPU
	EndGlobalSection
	GlobalSection(SolutionProperties) = preSolution
		HideSolutionNode = FALSE
	EndGlobalSection
	GlobalSection(NestedProjects) = preSolution
		{2A8D698D-7C28-4131-AD0F-08F405AA4272} = {525376E7-7868-4C6A-A835-450C3D06C2DC}
		{E22A12BB-851D-4167-9633-808126157F62} = {312DED34-7CB0-44E4-819C-E79BC06F1C30}
		{6AA27E7B-2759-4885-9830-02554B73D03B} = {312DED34-7CB0-44E4-819C-E79BC06F1C30}
		{84872FB3-C3B6-497D-B475-5396AD8545A2} = {525376E7-7868-4C6A-A835-450C3D06C2DC}
		{1DDF3DF4-E10D-409F-B0F7-D944C3DB68A9} = {A7BADC2D-2EE3-424F-A628-F69CC777A00E}
		{A950E3CC-CA24-4B26-8A08-1F288AA9A7F9} = {A7BADC2D-2EE3-424F-A628-F69CC777A00E}
		{792226BE-39B3-4A8D-8FEA-4BD7AA46747F} = {A7BADC2D-2EE3-424F-A628-F69CC777A00E}
		{DFAF30B6-2A92-459A-BBD1-198D354C9184} = {D1E748A6-2948-455F-A8F5-387669153CC2}
		{E0FBD555-8097-4477-B5E7-D43D87938426} = {D1E748A6-2948-455F-A8F5-387669153CC2}
		{8E90F196-401B-41D6-8BEC-B2984A83E770} = {D1E748A6-2948-455F-A8F5-387669153CC2}
		{13567891-9146-4281-ABBF-024D6C8ED1ED} = {D1E748A6-2948-455F-A8F5-387669153CC2}
	EndGlobalSection
	GlobalSection(ExtensibilityGlobals) = postSolution
		SolutionGuid = {A6100A76-BE28-41EE-AA65-5626C60C238D}
	EndGlobalSection
EndGlobal
